{
  "meteor": {},
  "dependencies": {
    "basePackages": {
      "three.js": {},
      "jquery-scrollTo": {},
      "iron-router": {},
      "foundation5-sass": {},
      "jade": {},
      "stellar": {},
      "npm": {},
      "leaflet": {},
      "autoform": {},
      "notifications": {}
    },
    "packages": {
      "three.js": {
        "git": "https://github.com/nozpheratu/three-meteor",
        "tag": "v0.0.1",
        "commit": "a437d4e0314b055b19cfc60fa9e1ddfac844a0d9"
      },
      "jquery-scrollTo": {
        "git": "https://github.com/nate-strauser/meteor-jquery.scrollTo.git",
        "tag": "v1.4.6",
        "commit": "ab6f05c43e2a54fc7711e5a2ff8daa45e5ff4322"
      },
      "iron-router": {
        "git": "https://github.com/EventedMind/iron-router.git",
        "tag": "v0.7.0",
        "commit": "05f34bc48c4cad9fdaa366c1ddcabe6980232ece"
      },
      "foundation5-sass": {
        "git": "https://github.com/lgollut/meteor-foundation5-sass.git",
        "tag": "v0.0.13",
        "commit": "10fed6a3c7edbbce6bd234ed41ca2b23ba4cf1cf"
      },
      "jade": {
        "git": "https://github.com/mquandalle/meteor-jade.git",
        "tag": "v0.2.1",
        "commit": "969fc3dd0adbb15304e3e13c3e27260398d89503"
      },
      "stellar": {
        "git": "https://github.com/noorderstorm/meteor-stellar.git",
        "tag": "v0.1.0",
        "commit": "1ca2f68e0cca5967a6f88545cea12055c9fc2465"
      },
      "npm": {
        "git": "https://github.com/arunoda/meteor-npm.git",
        "tag": "v0.2.6",
        "commit": "177ab6118de5bf8cffb19481343d5762ff7a2aaf"
      },
      "leaflet": {
        "git": "https://github.com/bevanhunt/meteor-leaflet.git",
        "tag": "v0.3.6",
        "commit": "d9e3bdb824145c1078e52945909bb1cf38724da5"
      },
      "autoform": {
        "git": "https://github.com/aldeed/meteor-autoform.git",
        "tag": "v0.5.1",
        "commit": "7f2c33b0adafc4a8cc57e882b9391dd6ff2a82a7"
      },
      "notifications": {
        "git": "https://github.com/gfk-ba/meteor-notifications.git",
        "tag": "v0.4.8",
        "commit": "ed16633ce4996522907a41138b3ebc6134e15063"
      },
      "blaze-layout": {
        "git": "https://github.com/EventedMind/blaze-layout.git",
        "tag": "v0.2.2",
        "commit": "8bc53798fe5965669ae67c72f91829fcfdceabfd"
      },
      "scss": {
        "git": "https://github.com/fourseven/meteor-scss.git",
        "tag": "v0.8.4",
        "commit": "11af0da643944d241fe7d173af76162c4b670dee"
      },
      "simple-schema": {
        "git": "https://github.com/aldeed/meteor-simple-schema.git",
        "tag": "v0.2.45",
        "commit": "27a5a943a70a7376c90f18d2e2a4a122c6fc73fb"
      },
      "collection2": {
        "git": "https://github.com/aldeed/meteor-collection2.git",
        "tag": "v0.3.11",
        "commit": "7e970671305657678e8508d8107d5e6c5e158559"
      },
      "moment": {
        "git": "https://github.com/acreeger/meteor-moment.git",
        "tag": "v2.5.1",
        "commit": "8c9bc5d3fc96705057737cb9743d555417f6e551"
      }
    }
  }
}
