{
  "meteor": {},
  "dependencies": {
    "basePackages": {
      "jquery-scrollTo": {},
      "iron-router": {},
      "zf5": {},
      "jade": {},
      "stellar": {},
      "npm": {},
      "leaflet": {},
      "autoform": {},
      "notifications": {},
      "animate-css": {},
      "font-awesome": {},
      "underscore-string-latest": {},
      "tabs": {}
    },
    "packages": {
      "jquery-scrollTo": {
        "git": "https://github.com/nate-strauser/meteor-jquery.scrollTo.git",
        "tag": "v1.4.6",
        "commit": "ab6f05c43e2a54fc7711e5a2ff8daa45e5ff4322"
      },
      "iron-router": {
        "git": "https://github.com/EventedMind/iron-router.git",
        "tag": "v0.7.1",
        "commit": "d1ffb3f06ea4c112132b030f2eb1a70b81675ecb"
      },
      "zf5": {
        "git": "https://github.com/juliancwirko/meteor-zf5.git",
        "tag": "v0.0.5",
        "commit": "e7378382dadad29ab1c08a6b11f2e4d258669f15"
      },
      "jade": {
        "git": "https://github.com/mquandalle/meteor-jade.git",
        "tag": "v0.2.4",
        "commit": "a47a4c59daaa57e7fe5f1544d4ea76d95a5c9abf"
      },
      "stellar": {
        "git": "https://github.com/noorderstorm/meteor-stellar.git",
        "tag": "v0.1.0",
        "commit": "1ca2f68e0cca5967a6f88545cea12055c9fc2465"
      },
      "npm": {
        "git": "https://github.com/arunoda/meteor-npm.git",
        "tag": "v0.2.6",
        "commit": "177ab6118de5bf8cffb19481343d5762ff7a2aaf"
      },
      "leaflet": {
        "git": "https://github.com/bevanhunt/meteor-leaflet.git",
        "tag": "v0.3.8",
        "commit": "84caaa2e8aac1c7f7b585a6b64163a1de406add4"
      },
      "autoform": {
        "git": "https://github.com/aldeed/meteor-autoform.git",
        "tag": "v0.14.0",
        "commit": "30de032833052ea61e9d37bca5523264309d4478"
      },
      "notifications": {
        "git": "https://github.com/gfk-ba/meteor-notifications.git",
        "tag": "v0.5.3",
        "commit": "77bc03bc8027f33603e374bfd8ea90dcd42fb7f5"
      },
      "animate-css": {
        "git": "https://github.com/nate-strauser/meteor-animate-css.git",
        "tag": "v3.1.1",
        "commit": "59ce70b99dff5bc3d1227b789eefa43a761db158"
      },
      "font-awesome": {
        "git": "https://github.com/nate-strauser/meteor-font-awesome.git",
        "tag": "v4.1.0",
        "commit": "ce6b1e92715d1938babc5d69c655c17e387f5926"
      },
      "underscore-string-latest": {
        "git": "https://github.com/TimHeckel/meteor-underscore-string.git",
        "tag": "v2.3.3",
        "commit": "4a5d70eee48fbd90a6e6fc78747250d704a0b3bb"
      },
      "tabs": {
        "git": "https://github.com/andrewreedy/meteor-tabs.git",
        "tag": "v0.0.6",
        "commit": "cde166031e8f1560e0d2ab2bb1cb9de789b5bab6"
      },
      "blaze-layout": {
        "git": "https://github.com/EventedMind/blaze-layout.git",
        "tag": "v0.2.4",
        "commit": "b40e9b0612329288d75cf52ad14a7da64bb8618f"
      },
      "scss": {
        "git": "https://github.com/fourseven/meteor-scss.git",
        "tag": "v0.9.3",
        "commit": "185f3b2787fb85e653f7b7bf603d1493ed14943d"
      },
      "simple-schema": {
        "git": "https://github.com/aldeed/meteor-simple-schema.git",
        "tag": "v0.6.0",
        "commit": "418ec496612fb2afc853e342f0d2269b6674a2fe"
      },
      "collection2": {
        "git": "https://github.com/aldeed/meteor-collection2.git",
        "tag": "v0.4.2",
        "commit": "4ff4b707bec8be434919730bf101325adb215444"
      },
      "moment": {
        "git": "https://github.com/acreeger/meteor-moment.git",
        "tag": "v2.6.0",
        "commit": "26156df681750fd6e6ed77043eef32b6653ebbdf"
      }
    }
  }
}
