{
  "meteor": {},
  "dependencies": {
    "basePackages": {
      "three.js": {},
      "jquery-scrollTo": {},
      "iron-router": {},
      "foundation5-sass": {}
    },
    "packages": {
      "three.js": {
        "git": "https://github.com/nozpheratu/three-meteor",
        "tag": "v0.0.1",
        "commit": "a437d4e0314b055b19cfc60fa9e1ddfac844a0d9"
      },
      "jquery-scrollTo": {
        "git": "https://github.com/nate-strauser/meteor-jquery.scrollTo.git",
        "tag": "v1.4.6",
        "commit": "ab6f05c43e2a54fc7711e5a2ff8daa45e5ff4322"
      },
      "iron-router": {
        "git": "https://github.com/EventedMind/iron-router.git",
        "tag": "v0.7.0",
        "commit": "05f34bc48c4cad9fdaa366c1ddcabe6980232ece"
      },
      "foundation5-sass": {
        "git": "https://github.com/lgollut/meteor-foundation5-sass.git",
        "tag": "v0.0.12",
        "commit": "94fcbc42d02aa1f56b6db6641242f3318dbd7005"
      },
      "blaze-layout": {
        "git": "https://github.com/EventedMind/blaze-layout.git",
        "tag": "v0.2.2",
        "commit": "8bc53798fe5965669ae67c72f91829fcfdceabfd"
      },
      "scss": {
        "git": "https://github.com/fourseven/meteor-scss.git",
        "tag": "v0.8.4",
        "commit": "11af0da643944d241fe7d173af76162c4b670dee"
      }
    }
  }
}
